{
  "pins" : [
    {
      "identity" : "iphonenumberfield",
      "kind" : "remoteSourceControl",
      "location" : "https://github.com/MojtabaHs/iPhoneNumberField.git",
      "state" : {
        "revision" : "5298972c899ba3555a77549bebeace2e16bc927d",
        "version" : "0.10.1"
      }
    },
    {
      "identity" : "letteravatarkit",
      "kind" : "remoteSourceControl",
      "location" : "https://github.com/vpeschenkov/LetterAvatarKit.git",
      "state" : {
        "revision" : "fe5af34383384668dcd28525bd62934eab229d4a",
        "version" : "1.2.5"
      }
    },
    {
      "identity" : "mediapicker",
      "kind" : "remoteSourceControl",
      "location" : "https://github.com/exyte/MediaPicker.git",
      "state" : {
        "revision" : "2b81eccb5e30367a116f86c2a4ffc18ee0bbd72f",
        "version" : "1.2.3"
      }
    },
    {
      "identity" : "phonenumberkit",
      "kind" : "remoteSourceControl",
      "location" : "https://github.com/marmelroy/PhoneNumberKit",
      "state" : {
        "revision" : "0fd43eb71d215afd0f9453d8e94200c9d6faf28a",
        "version" : "3.5.10"
      }
    },
    {
      "identity" : "swiftui-introspect",
      "kind" : "remoteSourceControl",
      "location" : "https://github.com/siteline/SwiftUI-Introspect.git",
      "state" : {
        "revision" : "5b3f3996c7a2a84d5f4ba0e03cd7d584154778f2",
        "version" : "0.3.1"
      }
    }
  ],
  "version" : 2
}
